
Microsoft Visual Studio Solution File, Format Version 12.00
Project("{FAE04EC0-301F-11D3-BF4B-00C04F79EFBC}") = "comment_finder_test", "comment_finder_test\comment_finder_test.csproj", "{3B2B6B72-CF0E-43F4-A419-FE547BC9FFD4}"
EndProject
Global
	GlobalSection(SolutionConfigurationPlatforms) = preSolution
		Debug|Any CPU = Debug|Any CPU
		Release|Any CPU = Release|Any CPU
	EndGlobalSection
	GlobalSection(ProjectConfigurationPlatforms) = postSolution
		{3B2B6B72-CF0E-43F4-A419-FE547BC9FFD4}.Debug|Any CPU.ActiveCfg = Debug|Any CPU
		{3B2B6B72-CF0E-43F4-A419-FE547BC9FFD4}.Debug|Any CPU.Build.0 = Debug|Any CPU
		{3B2B6B72-CF0E-43F4-A419-FE547BC9FFD4}.Release|Any CPU.ActiveCfg = Release|Any CPU
		{3B2B6B72-CF0E-43F4-A419-FE547BC9FFD4}.Release|Any CPU.Build.0 = Release|Any CPU
	EndGlobalSection
EndGlobal
